
Microsoft Visual Studio Solution File, Format Version 12.00
Project("{FAE04EC0-301F-11D3-BF4B-00C04F79EFBC}") = "FoodDelivery", "FoodDelivery\FoodDelivery.csproj", "{C1676628-A9CC-43FF-9A2B-DA6FFE64E34E}"
EndProject
Project("{2150E333-8FDC-42A3-9474-1A3956D46DE8}") = "Solution Items", "Solution Items", "{170494C7-8A68-4214-8DD6-EF56B1CA5C31}"
	ProjectSection(SolutionItems) = preProject
		docker-compose.yml = docker-compose.yml
	EndProjectSection
EndProject
Global
	GlobalSection(SolutionConfigurationPlatforms) = preSolution
		Debug|Any CPU = Debug|Any CPU
		Release|Any CPU = Release|Any CPU
	EndGlobalSection
	GlobalSection(ProjectConfigurationPlatforms) = postSolution
		{C1676628-A9CC-43FF-9A2B-DA6FFE64E34E}.Debug|Any CPU.ActiveCfg = Debug|Any CPU
		{C1676628-A9CC-43FF-9A2B-DA6FFE64E34E}.Debug|Any CPU.Build.0 = Debug|Any CPU
		{C1676628-A9CC-43FF-9A2B-DA6FFE64E34E}.Release|Any CPU.ActiveCfg = Release|Any CPU
		{C1676628-A9CC-43FF-9A2B-DA6FFE64E34E}.Release|Any CPU.Build.0 = Release|Any CPU
	EndGlobalSection
EndGlobal
